# This is a Gradle generated file for dependency locking.
# Manual edits can break the build and are not advised.
# This file is expected to be part of source control.
com.diffplug.durian:durian-collect:1.2.0=classpath
com.diffplug.durian:durian-core:1.2.0=classpath
com.diffplug.durian:durian-io:1.2.0=classpath
com.diffplug.spotless:com.diffplug.spotless.gradle.plugin:6.0.0=classpath
com.diffplug.spotless:spotless-lib-extra:2.20.0=classpath
com.diffplug.spotless:spotless-lib:2.20.0=classpath
com.diffplug.spotless:spotless-plugin-gradle:6.0.0=classpath
com.eclipsesource.j2v8:j2v8_linux_x86_64:4.6.0=classpath
com.eclipsesource.j2v8:j2v8_macosx_x86_64:4.6.0=classpath
com.eclipsesource.j2v8:j2v8_win32_x86:4.6.0=classpath
com.eclipsesource.j2v8:j2v8_win32_x86_64:4.6.0=classpath
com.github.johnrengelman.shadow:com.github.johnrengelman.shadow.gradle.plugin:7.1.0=classpath
com.github.node-gradle.node:com.github.node-gradle.node.gradle.plugin:3.1.1=classpath
com.github.node-gradle:gradle-node-plugin:3.1.1=classpath
com.google.code.findbugs:jsr305:3.0.2=classpath
com.google.code.gson:gson:2.8.6=classpath
com.google.errorprone:error_prone_annotations:2.3.4=classpath
com.google.gradle:osdetector-gradle-plugin:1.7.0=classpath
com.google.guava:failureaccess:1.0.1=classpath
com.google.guava:guava:28.2-jre=classpath
com.google.guava:listenablefuture:9999.0-empty-to-avoid-conflict-with-guava=classpath
com.google.j2objc:j2objc-annotations:1.3=classpath
com.google.osdetector:com.google.osdetector.gradle.plugin:1.6.2=classpath
com.googlecode.concurrent-trees:concurrent-trees:2.6.1=classpath
com.googlecode.javaewah:JavaEWAH:1.1.7=classpath
com.waftex.assertj-generator:com.waftex.assertj-generator.gradle.plugin:1.1.4=classpath
com.waftex.gradle:assertj-generator:1.1.4=classpath
commons-cli:commons-cli:1.4=classpath
commons-io:commons-io:2.11.0=classpath
de.undercouch.download:de.undercouch.download.gradle.plugin:4.1.1=classpath
de.undercouch:gradle-download-task:4.1.2=classpath
gradle.plugin.com.github.johnrengelman:shadow:7.1.0=classpath
gradle.plugin.com.google.gradle:osdetector-gradle-plugin:1.6.2=classpath
gradle.plugin.org.jetbrains.gradle.plugin.idea-ext:gradle-idea-ext:0.10=classpath
guru.nidi.com.kitfox:svgSalamander:1.1.2=classpath
guru.nidi:graphviz-java:0.8.3=classpath
kr.motd.maven:os-maven-plugin:1.7.0=classpath
net.arnx:nashorn-promise:0.1.1=classpath
net.sourceforge.plantuml:plantuml:1.2019.7=classpath
org.apache.ant:ant-launcher:1.10.11=classpath
org.apache.ant:ant:1.10.11=classpath
org.apache.commons:commons-exec:1.3=classpath
org.apache.commons:commons-lang3:3.11=classpath
org.apache.logging.log4j:log4j-api:2.14.1=classpath
org.apache.logging.log4j:log4j-core:2.14.1=classpath
org.apache.xmlgraphics:xmlgraphics-commons:2.3=classpath
org.assertj:assertj-assertions-generator:2.2.1=classpath
org.assertj:assertj-core:3.21.0=classpath
org.checkerframework:checker-qual:2.10.0=classpath
org.codehaus.groovy:groovy-xml:3.0.9=classpath
org.codehaus.groovy:groovy:3.0.9=classpath
org.codehaus.plexus:plexus-utils:3.4.1=classpath
org.eclipse.jgit:org.eclipse.jgit:5.10.0.202012080955-r=classpath
org.jdom:jdom2:2.0.6=classpath
org.jetbrains.gradle.plugin.idea-ext:org.jetbrains.gradle.plugin.idea-ext.gradle.plugin:0.10=classpath
org.jetbrains.kotlin:kotlin-stdlib-common:1.4.30=classpath
org.jetbrains.kotlin:kotlin-stdlib-jdk7:1.4.30=classpath
org.jetbrains.kotlin:kotlin-stdlib-jdk8:1.4.30=classpath
org.jetbrains.kotlin:kotlin-stdlib:1.4.30=classpath
org.jetbrains:annotations:13.0=classpath
org.jlleitschuh.gradle:ktlint-gradle:10.1.0=classpath
org.ow2.asm:asm-analysis:9.2=classpath
org.ow2.asm:asm-commons:9.2=classpath
org.ow2.asm:asm-tree:9.2=classpath
org.ow2.asm:asm:9.2=classpath
org.slf4j:jcl-over-slf4j:1.7.25=classpath
org.slf4j:jul-to-slf4j:1.7.25=classpath
org.slf4j:slf4j-api:1.7.30=classpath
org.vafer:jdependency:2.7.0=classpath
org.webjars.npm:viz.js:2.1.2=classpath
empty=
