# This is a Gradle generated file for dependency locking.
# Manual edits can break the build and are not advised.
# This file is expected to be part of source control.
com.github.shyiko.klob:klob:0.2.1=ktlint
com.pinterest.ktlint:ktlint-core:0.41.0=ktlint,ktlintBaselineReporter
com.pinterest.ktlint:ktlint-reporter-baseline:0.41.0=ktlint,ktlintBaselineReporter
com.pinterest.ktlint:ktlint-reporter-checkstyle:0.41.0=ktlint
com.pinterest.ktlint:ktlint-reporter-html:0.41.0=ktlint
com.pinterest.ktlint:ktlint-reporter-json:0.41.0=ktlint
com.pinterest.ktlint:ktlint-reporter-plain:0.41.0=ktlint
com.pinterest.ktlint:ktlint-ruleset-experimental:0.41.0=ktlint
com.pinterest.ktlint:ktlint-ruleset-standard:0.41.0=ktlint
com.pinterest.ktlint:ktlint-ruleset-test:0.41.0=ktlint
com.pinterest:ktlint:0.41.0=ktlint
info.picocli:picocli:3.9.6=ktlint
org.ec4j.core:ec4j-core:0.3.0=ktlint,ktlintBaselineReporter
org.jetbrains.intellij.deps:trove4j:1.0.20181211=kotlinCompilerClasspath,kotlinKlibCommonizerClasspath,ktlint,ktlintBaselineReporter
org.jetbrains.kotlin:kotlin-compiler-embeddable:1.4.20=kotlinCompilerClasspath,kotlinKlibCommonizerClasspath
org.jetbrains.kotlin:kotlin-compiler-embeddable:1.4.31=ktlint,ktlintBaselineReporter
org.jetbrains.kotlin:kotlin-daemon-embeddable:1.4.20=kotlinCompilerClasspath,kotlinKlibCommonizerClasspath
org.jetbrains.kotlin:kotlin-daemon-embeddable:1.4.31=ktlint,ktlintBaselineReporter
org.jetbrains.kotlin:kotlin-gradle-plugin-api:1.4.20=kotlinCompilerPluginClasspath
org.jetbrains.kotlin:kotlin-gradle-plugin-model:1.4.20=kotlinCompilerPluginClasspath
org.jetbrains.kotlin:kotlin-klib-commonizer-embeddable:1.4.20=kotlinKlibCommonizerClasspath
org.jetbrains.kotlin:kotlin-reflect:1.4.20=compileClasspath,compileOnly,compileOnlyDependenciesMetadata,embeddedKotlin,kotlinCompilerClasspath,kotlinKlibCommonizerClasspath,testCompileClasspath,testImplementationDependenciesMetadata,testRuntimeClasspath
org.jetbrains.kotlin:kotlin-reflect:1.4.31=ktlint,ktlintBaselineReporter
org.jetbrains.kotlin:kotlin-sam-with-receiver:1.4.20=kotlinCompilerPluginClasspath
org.jetbrains.kotlin:kotlin-script-runtime:1.4.20=kotlinCompilerClasspath,kotlinCompilerPluginClasspath,kotlinKlibCommonizerClasspath
org.jetbrains.kotlin:kotlin-script-runtime:1.4.31=ktlint,ktlintBaselineReporter
org.jetbrains.kotlin:kotlin-scripting-common:1.4.20=kotlinCompilerPluginClasspath
org.jetbrains.kotlin:kotlin-scripting-compiler-embeddable:1.4.20=kotlinCompilerPluginClasspath
org.jetbrains.kotlin:kotlin-scripting-compiler-impl-embeddable:1.4.20=kotlinCompilerPluginClasspath
org.jetbrains.kotlin:kotlin-scripting-jvm:1.4.20=kotlinCompilerPluginClasspath
org.jetbrains.kotlin:kotlin-stdlib-common:1.4.20=compileOnly,compileOnlyDependenciesMetadata,embeddedKotlin,kotlinCompilerClasspath,kotlinCompilerPluginClasspath,kotlinKlibCommonizerClasspath
org.jetbrains.kotlin:kotlin-stdlib-common:1.4.30=apiDependenciesMetadata,compileClasspath,default,implementationDependenciesMetadata,runtimeClasspath,testCompileClasspath,testImplementationDependenciesMetadata,testRuntimeClasspath
org.jetbrains.kotlin:kotlin-stdlib-common:1.4.31=ktlint,ktlintBaselineReporter
org.jetbrains.kotlin:kotlin-stdlib-jdk7:1.4.20=compileOnly,compileOnlyDependenciesMetadata,embeddedKotlin
org.jetbrains.kotlin:kotlin-stdlib-jdk7:1.4.30=apiDependenciesMetadata,compileClasspath,default,implementationDependenciesMetadata,runtimeClasspath,testCompileClasspath,testImplementationDependenciesMetadata,testRuntimeClasspath
org.jetbrains.kotlin:kotlin-stdlib-jdk7:1.4.31=ktlint,ktlintBaselineReporter
org.jetbrains.kotlin:kotlin-stdlib-jdk8:1.4.20=compileOnly,compileOnlyDependenciesMetadata,embeddedKotlin
org.jetbrains.kotlin:kotlin-stdlib-jdk8:1.4.30=apiDependenciesMetadata,compileClasspath,default,implementationDependenciesMetadata,runtimeClasspath,testCompileClasspath,testImplementationDependenciesMetadata,testRuntimeClasspath
org.jetbrains.kotlin:kotlin-stdlib-jdk8:1.4.31=ktlint,ktlintBaselineReporter
org.jetbrains.kotlin:kotlin-stdlib:1.4.20=compileOnly,compileOnlyDependenciesMetadata,embeddedKotlin,kotlinCompilerClasspath,kotlinCompilerPluginClasspath,kotlinKlibCommonizerClasspath
org.jetbrains.kotlin:kotlin-stdlib:1.4.30=apiDependenciesMetadata,compileClasspath,default,implementationDependenciesMetadata,runtimeClasspath,testCompileClasspath,testImplementationDependenciesMetadata,testRuntimeClasspath
org.jetbrains.kotlin:kotlin-stdlib:1.4.31=ktlint,ktlintBaselineReporter
org.jetbrains.kotlinx:kotlinx-coroutines-core:1.3.7=kotlinCompilerPluginClasspath
org.jetbrains:annotations:13.0=apiDependenciesMetadata,compileClasspath,compileOnly,compileOnlyDependenciesMetadata,default,embeddedKotlin,implementationDependenciesMetadata,kotlinCompilerClasspath,kotlinCompilerPluginClasspath,kotlinKlibCommonizerClasspath,ktlint,ktlintBaselineReporter,runtimeClasspath,testCompileClasspath,testImplementationDependenciesMetadata,testRuntimeClasspath
org.jlleitschuh.gradle:ktlint-gradle:10.1.0=apiDependenciesMetadata,compileClasspath,default,implementationDependenciesMetadata,runtimeClasspath,testCompileClasspath,testImplementationDependenciesMetadata,testRuntimeClasspath
empty=annotationProcessor,archives,compile,kotlinNativeCompilerPluginClasspath,kotlinScriptDef,kotlinScriptDefExtensions,ktlintReporter,ktlintRuleset,runtime,runtimeOnlyDependenciesMetadata,testAnnotationProcessor,testApiDependenciesMetadata,testCompile,testCompileOnly,testCompileOnlyDependenciesMetadata,testKotlinScriptDef,testKotlinScriptDefExtensions,testRuntime,testRuntimeOnlyDependenciesMetadata
